// !$*UTF8*$!
{
	archiveVersion = 1;
	classes = {
	};
	objectVersion = 50;
	objects = {

/* Begin PBXBuildFile section */
		0004E54C23EC48480082F5BF /* AppDelegate.swift in Sources */ = {isa = PBXBuildFile; fileRef = 0004E54B23EC48480082F5BF /* AppDelegate.swift */; };
		0004E54E23EC48480082F5BF /* SceneDelegate.swift in Sources */ = {isa = PBXBuildFile; fileRef = 0004E54D23EC48480082F5BF /* SceneDelegate.swift */; };
		0004E55023EC48480082F5BF /* CategoryViewController.swift in Sources */ = {isa = PBXBuildFile; fileRef = 0004E54F23EC48480082F5BF /* CategoryViewController.swift */; };
		0004E55323EC48480082F5BF /* Main.storyboard in Resources */ = {isa = PBXBuildFile; fileRef = 0004E55123EC48480082F5BF /* Main.storyboard */; };
		0004E55523EC484C0082F5BF /* Assets.xcassets in Resources */ = {isa = PBXBuildFile; fileRef = 0004E55423EC484C0082F5BF /* Assets.xcassets */; };
		0004E55823EC484C0082F5BF /* LaunchScreen.storyboard in Resources */ = {isa = PBXBuildFile; fileRef = 0004E55623EC484C0082F5BF /* LaunchScreen.storyboard */; };
		000E825724093AB200584541 /* HomeViewController.swift in Sources */ = {isa = PBXBuildFile; fileRef = 000E825624093AB200584541 /* HomeViewController.swift */; };
		000E825924093B2000584541 /* HomeCollectionViewCell.swift in Sources */ = {isa = PBXBuildFile; fileRef = 000E825824093B2000584541 /* HomeCollectionViewCell.swift */; };
		000E825B24094D1100584541 /* AdsCollectionViewCell.swift in Sources */ = {isa = PBXBuildFile; fileRef = 000E825A24094D1100584541 /* AdsCollectionViewCell.swift */; };
		001C5228245367BE005AC07E /* ReviewsTableViewCell.swift in Sources */ = {isa = PBXBuildFile; fileRef = 001C5227245367BE005AC07E /* ReviewsTableViewCell.swift */; };
		002661F724AF4F8F007EF815 /* ActivitiesCollectionViewCell.swift in Sources */ = {isa = PBXBuildFile; fileRef = 002661F624AF4F8F007EF815 /* ActivitiesCollectionViewCell.swift */; };
		0026EE7E23F1356B001349BE /* VenueViewContoller.swift in Sources */ = {isa = PBXBuildFile; fileRef = 0026EE7D23F1356B001349BE /* VenueViewContoller.swift */; };
		00460A0823EF10B6002DE262 /* CategoryTableViewCell.swift in Sources */ = {isa = PBXBuildFile; fileRef = 00460A0623EF10B6002DE262 /* CategoryTableViewCell.swift */; };
		004E40B623ED5884008742AF /* CategoryData.swift in Sources */ = {isa = PBXBuildFile; fileRef = 004E40B523ED5884008742AF /* CategoryData.swift */; };
		0058943B24C5A204009F9139 /* AttractionsMenuViewModel.swift in Sources */ = {isa = PBXBuildFile; fileRef = 0058943A24C5A204009F9139 /* AttractionsMenuViewModel.swift */; };
		005A5AD224FF88E90008CB44 /* CategoryMapViewController.swift in Sources */ = {isa = PBXBuildFile; fileRef = 005A5AD124FF88E90008CB44 /* CategoryMapViewController.swift */; };
		006F109C240BFDE800DD8FB9 /* VenueData.swift in Sources */ = {isa = PBXBuildFile; fileRef = 006F109B240BFDE800DD8FB9 /* VenueData.swift */; };
		0083F7E024C3034F00C14576 /* SuggestionsData.swift in Sources */ = {isa = PBXBuildFile; fileRef = 0083F7DF24C3034F00C14576 /* SuggestionsData.swift */; };
		0083F7E224C303A500C14576 /* SuggestionsViewModel.swift in Sources */ = {isa = PBXBuildFile; fileRef = 0083F7E124C303A500C14576 /* SuggestionsViewModel.swift */; };
		008A9CCE24CE1D07001C40A8 /* Extensions.swift in Sources */ = {isa = PBXBuildFile; fileRef = 008A9CCD24CE1D07001C40A8 /* Extensions.swift */; };
		009EBACF244F728300E16184 /* CategoryViewModel.swift in Sources */ = {isa = PBXBuildFile; fileRef = 009EBACE244F728300E16184 /* CategoryViewModel.swift */; };
		009EBAD1244F741100E16184 /* WebService.swift in Sources */ = {isa = PBXBuildFile; fileRef = 009EBAD0244F741100E16184 /* WebService.swift */; };
		009EBAD524505B0E00E16184 /* VenueViewModel.swift in Sources */ = {isa = PBXBuildFile; fileRef = 009EBAD424505B0E00E16184 /* VenueViewModel.swift */; };
		00D8B97D250E8E5400F2B4A7 /* AboutViewController.swift in Sources */ = {isa = PBXBuildFile; fileRef = 00D8B97C250E8E5400F2B4A7 /* AboutViewController.swift */; };
		00D8B97F250E913A00F2B4A7 /* AboutTableViewCell.swift in Sources */ = {isa = PBXBuildFile; fileRef = 00D8B97E250E913A00F2B4A7 /* AboutTableViewCell.swift */; };
		00D8B981250E91B500F2B4A7 /* AboutViewModel.swift in Sources */ = {isa = PBXBuildFile; fileRef = 00D8B980250E91B500F2B4A7 /* AboutViewModel.swift */; };
		00DD415424CE20AD0091584C /* Constants.swift in Sources */ = {isa = PBXBuildFile; fileRef = 00DD415324CE20AD0091584C /* Constants.swift */; };
		00DFBF442454711800D70202 /* DetailsTableViewCell.swift in Sources */ = {isa = PBXBuildFile; fileRef = 00DFBF432454711800D70202 /* DetailsTableViewCell.swift */; };
		00E247C624C4F560003876DC /* CategoryMenuViewModel.swift in Sources */ = {isa = PBXBuildFile; fileRef = 00E247C524C4F560003876DC /* CategoryMenuViewModel.swift */; };
		00F7E5F824E2BE03006B788E /* FavouritesViewController.swift in Sources */ = {isa = PBXBuildFile; fileRef = 00F7E5F724E2BE03006B788E /* FavouritesViewController.swift */; };
		00F7E5FA24E2BE35006B788E /* FavouritesViewModel.swift in Sources */ = {isa = PBXBuildFile; fileRef = 00F7E5F924E2BE35006B788E /* FavouritesViewModel.swift */; };
		CF401CCA9123B9A84F28A0F5 /* libPods-My Ptown.a in Frameworks */ = {isa = PBXBuildFile; fileRef = 854974B824735EAA14712BCA /* libPods-My Ptown.a */; };
/* End PBXBuildFile section */

/* Begin PBXFileReference section */
		0004E54823EC48480082F5BF /* My Ptown.app */ = {isa = PBXFileReference; explicitFileType = wrapper.application; includeInIndex = 0; path = "My Ptown.app"; sourceTree = BUILT_PRODUCTS_DIR; };
		0004E54B23EC48480082F5BF /* AppDelegate.swift */ = {isa = PBXFileReference; lastKnownFileType = sourcecode.swift; path = AppDelegate.swift; sourceTree = "<group>"; };
		0004E54D23EC48480082F5BF /* SceneDelegate.swift */ = {isa = PBXFileReference; lastKnownFileType = sourcecode.swift; path = SceneDelegate.swift; sourceTree = "<group>"; };
		0004E54F23EC48480082F5BF /* CategoryViewController.swift */ = {isa = PBXFileReference; lastKnownFileType = sourcecode.swift; path = CategoryViewController.swift; sourceTree = "<group>"; };
		0004E55223EC48480082F5BF /* Base */ = {isa = PBXFileReference; lastKnownFileType = file.storyboard; name = Base; path = Base.lproj/Main.storyboard; sourceTree = "<group>"; };
		0004E55423EC484C0082F5BF /* Assets.xcassets */ = {isa = PBXFileReference; lastKnownFileType = folder.assetcatalog; path = Assets.xcassets; sourceTree = "<group>"; };
		0004E55723EC484C0082F5BF /* Base */ = {isa = PBXFileReference; lastKnownFileType = file.storyboard; name = Base; path = Base.lproj/LaunchScreen.storyboard; sourceTree = "<group>"; };
		0004E55923EC484C0082F5BF /* Info.plist */ = {isa = PBXFileReference; lastKnownFileType = text.plist.xml; path = Info.plist; sourceTree = "<group>"; };
		000E825624093AB200584541 /* HomeViewController.swift */ = {isa = PBXFileReference; lastKnownFileType = sourcecode.swift; path = HomeViewController.swift; sourceTree = "<group>"; };
		000E825824093B2000584541 /* HomeCollectionViewCell.swift */ = {isa = PBXFileReference; lastKnownFileType = sourcecode.swift; path = HomeCollectionViewCell.swift; sourceTree = "<group>"; };
		000E825A24094D1100584541 /* AdsCollectionViewCell.swift */ = {isa = PBXFileReference; lastKnownFileType = sourcecode.swift; path = AdsCollectionViewCell.swift; sourceTree = "<group>"; };
		001C5227245367BE005AC07E /* ReviewsTableViewCell.swift */ = {isa = PBXFileReference; lastKnownFileType = sourcecode.swift; path = ReviewsTableViewCell.swift; sourceTree = "<group>"; };
		002661F624AF4F8F007EF815 /* ActivitiesCollectionViewCell.swift */ = {isa = PBXFileReference; lastKnownFileType = sourcecode.swift; path = ActivitiesCollectionViewCell.swift; sourceTree = "<group>"; };
		0026EE7D23F1356B001349BE /* VenueViewContoller.swift */ = {isa = PBXFileReference; lastKnownFileType = sourcecode.swift; path = VenueViewContoller.swift; sourceTree = "<group>"; };
		00460A0623EF10B6002DE262 /* CategoryTableViewCell.swift */ = {isa = PBXFileReference; lastKnownFileType = sourcecode.swift; path = CategoryTableViewCell.swift; sourceTree = "<group>"; };
		004E40B523ED5884008742AF /* CategoryData.swift */ = {isa = PBXFileReference; lastKnownFileType = sourcecode.swift; path = CategoryData.swift; sourceTree = "<group>"; };
		0058943A24C5A204009F9139 /* AttractionsMenuViewModel.swift */ = {isa = PBXFileReference; lastKnownFileType = sourcecode.swift; path = AttractionsMenuViewModel.swift; sourceTree = "<group>"; };
		005A5AD124FF88E90008CB44 /* CategoryMapViewController.swift */ = {isa = PBXFileReference; lastKnownFileType = sourcecode.swift; path = CategoryMapViewController.swift; sourceTree = "<group>"; };
		006F109B240BFDE800DD8FB9 /* VenueData.swift */ = {isa = PBXFileReference; lastKnownFileType = sourcecode.swift; path = VenueData.swift; sourceTree = "<group>"; };
		0083F7DF24C3034F00C14576 /* SuggestionsData.swift */ = {isa = PBXFileReference; lastKnownFileType = sourcecode.swift; path = SuggestionsData.swift; sourceTree = "<group>"; };
		0083F7E124C303A500C14576 /* SuggestionsViewModel.swift */ = {isa = PBXFileReference; lastKnownFileType = sourcecode.swift; path = SuggestionsViewModel.swift; sourceTree = "<group>"; };
		008A9CCD24CE1D07001C40A8 /* Extensions.swift */ = {isa = PBXFileReference; fileEncoding = 4; lastKnownFileType = sourcecode.swift; path = Extensions.swift; sourceTree = "<group>"; };
		009EBACE244F728300E16184 /* CategoryViewModel.swift */ = {isa = PBXFileReference; lastKnownFileType = sourcecode.swift; path = CategoryViewModel.swift; sourceTree = "<group>"; };
		009EBAD0244F741100E16184 /* WebService.swift */ = {isa = PBXFileReference; lastKnownFileType = sourcecode.swift; path = WebService.swift; sourceTree = "<group>"; };
		009EBAD424505B0E00E16184 /* VenueViewModel.swift */ = {isa = PBXFileReference; lastKnownFileType = sourcecode.swift; path = VenueViewModel.swift; sourceTree = "<group>"; };
		00D8B97C250E8E5400F2B4A7 /* AboutViewController.swift */ = {isa = PBXFileReference; lastKnownFileType = sourcecode.swift; path = AboutViewController.swift; sourceTree = "<group>"; };
		00D8B97E250E913A00F2B4A7 /* AboutTableViewCell.swift */ = {isa = PBXFileReference; lastKnownFileType = sourcecode.swift; path = AboutTableViewCell.swift; sourceTree = "<group>"; };
		00D8B980250E91B500F2B4A7 /* AboutViewModel.swift */ = {isa = PBXFileReference; lastKnownFileType = sourcecode.swift; path = AboutViewModel.swift; sourceTree = "<group>"; };
		00DD415324CE20AD0091584C /* Constants.swift */ = {isa = PBXFileReference; lastKnownFileType = sourcecode.swift; path = Constants.swift; sourceTree = "<group>"; };
		00DFBF432454711800D70202 /* DetailsTableViewCell.swift */ = {isa = PBXFileReference; lastKnownFileType = sourcecode.swift; path = DetailsTableViewCell.swift; sourceTree = "<group>"; };
		00E247C524C4F560003876DC /* CategoryMenuViewModel.swift */ = {isa = PBXFileReference; lastKnownFileType = sourcecode.swift; path = CategoryMenuViewModel.swift; sourceTree = "<group>"; };
		00F7E5F724E2BE03006B788E /* FavouritesViewController.swift */ = {isa = PBXFileReference; lastKnownFileType = sourcecode.swift; path = FavouritesViewController.swift; sourceTree = "<group>"; };
		00F7E5F924E2BE35006B788E /* FavouritesViewModel.swift */ = {isa = PBXFileReference; lastKnownFileType = sourcecode.swift; path = FavouritesViewModel.swift; sourceTree = "<group>"; };
		467088C9FC6ADE6F450D4D82 /* Pods-My Ptown.release.xcconfig */ = {isa = PBXFileReference; includeInIndex = 1; lastKnownFileType = text.xcconfig; name = "Pods-My Ptown.release.xcconfig"; path = "Target Support Files/Pods-My Ptown/Pods-My Ptown.release.xcconfig"; sourceTree = "<group>"; };
		854974B824735EAA14712BCA /* libPods-My Ptown.a */ = {isa = PBXFileReference; explicitFileType = archive.ar; includeInIndex = 0; path = "libPods-My Ptown.a"; sourceTree = BUILT_PRODUCTS_DIR; };
		E2C3016E07293E5D03FC7F28 /* Pods-My Ptown.debug.xcconfig */ = {isa = PBXFileReference; includeInIndex = 1; lastKnownFileType = text.xcconfig; name = "Pods-My Ptown.debug.xcconfig"; path = "Target Support Files/Pods-My Ptown/Pods-My Ptown.debug.xcconfig"; sourceTree = "<group>"; };
/* End PBXFileReference section */

/* Begin PBXFrameworksBuildPhase section */
		0004E54523EC48480082F5BF /* Frameworks */ = {
			isa = PBXFrameworksBuildPhase;
			buildActionMask = 2147483647;
			files = (
				CF401CCA9123B9A84F28A0F5 /* libPods-My Ptown.a in Frameworks */,
			);
			runOnlyForDeploymentPostprocessing = 0;
		};
/* End PBXFrameworksBuildPhase section */

/* Begin PBXGroup section */
		0004E53F23EC48480082F5BF = {
			isa = PBXGroup;
			children = (
				0004E54A23EC48480082F5BF /* My Ptown */,
				0004E54923EC48480082F5BF /* Products */,
				076A6BCEA247610962536056 /* Pods */,
				481CC7F4640482DFAC8F28C6 /* Frameworks */,
			);
			sourceTree = "<group>";
		};
		0004E54923EC48480082F5BF /* Products */ = {
			isa = PBXGroup;
			children = (
				0004E54823EC48480082F5BF /* My Ptown.app */,
			);
			name = Products;
			sourceTree = "<group>";
		};
		0004E54A23EC48480082F5BF /* My Ptown */ = {
			isa = PBXGroup;
			children = (
				0004E55923EC484C0082F5BF /* Info.plist */,
				00CECD3E251B7D2400337299 /* Application */,
				009EBACD244F726100E16184 /* View Models */,
				004E40B423ED5449008742AF /* Controller */,
				004E40B223ED543E008742AF /* Model */,
				0050F2DA2430D45800790EC0 /* Custom Cells */,
				008A9CCC24CE1D07001C40A8 /* Helpers */,
				004E40B923ED5A69008742AF /* Network */,
				004E40B323ED5445008742AF /* Storyboards */,
			);
			path = "My Ptown";
			sourceTree = "<group>";
		};
		002D9E5C24E4708E002794AC /* Home */ = {
			isa = PBXGroup;
			children = (
				0058943A24C5A204009F9139 /* AttractionsMenuViewModel.swift */,
				0083F7E124C303A500C14576 /* SuggestionsViewModel.swift */,
				00E247C524C4F560003876DC /* CategoryMenuViewModel.swift */,
			);
			path = Home;
			sourceTree = "<group>";
		};
		004E40B223ED543E008742AF /* Model */ = {
			isa = PBXGroup;
			children = (
				0083F7DF24C3034F00C14576 /* SuggestionsData.swift */,
				004E40B523ED5884008742AF /* CategoryData.swift */,
				006F109B240BFDE800DD8FB9 /* VenueData.swift */,
			);
			path = Model;
			sourceTree = "<group>";
		};
		004E40B323ED5445008742AF /* Storyboards */ = {
			isa = PBXGroup;
			children = (
				0004E55123EC48480082F5BF /* Main.storyboard */,
				0004E55623EC484C0082F5BF /* LaunchScreen.storyboard */,
			);
			path = Storyboards;
			sourceTree = "<group>";
		};
		004E40B423ED5449008742AF /* Controller */ = {
			isa = PBXGroup;
			children = (
				00D8B976250E443100F2B4A7 /* Home */,
				00D8B977250E443F00F2B4A7 /* Favourites */,
				00D8B97B250E8E0A00F2B4A7 /* About */,
			);
			path = Controller;
			sourceTree = "<group>";
		};
		004E40B923ED5A69008742AF /* Network */ = {
			isa = PBXGroup;
			children = (
				009EBAD0244F741100E16184 /* WebService.swift */,
			);
			path = Network;
			sourceTree = "<group>";
		};
		0050F2DA2430D45800790EC0 /* Custom Cells */ = {
			isa = PBXGroup;
			children = (
				0083F7E324C3918D00C14576 /* HomeScreen */,
				00DFBF432454711800D70202 /* DetailsTableViewCell.swift */,
				001C5227245367BE005AC07E /* ReviewsTableViewCell.swift */,
				00460A0623EF10B6002DE262 /* CategoryTableViewCell.swift */,
				00D8B97E250E913A00F2B4A7 /* AboutTableViewCell.swift */,
			);
			path = "Custom Cells";
			sourceTree = "<group>";
		};
		0083F7E324C3918D00C14576 /* HomeScreen */ = {
			isa = PBXGroup;
			children = (
				000E825824093B2000584541 /* HomeCollectionViewCell.swift */,
				000E825A24094D1100584541 /* AdsCollectionViewCell.swift */,
				002661F624AF4F8F007EF815 /* ActivitiesCollectionViewCell.swift */,
			);
			path = HomeScreen;
			sourceTree = "<group>";
		};
		008A9CCC24CE1D07001C40A8 /* Helpers */ = {
			isa = PBXGroup;
			children = (
				008A9CCD24CE1D07001C40A8 /* Extensions.swift */,
				00DD415324CE20AD0091584C /* Constants.swift */,
			);
			path = Helpers;
			sourceTree = "<group>";
		};
		009EBACD244F726100E16184 /* View Models */ = {
			isa = PBXGroup;
			children = (
				002D9E5C24E4708E002794AC /* Home */,
				009EBACE244F728300E16184 /* CategoryViewModel.swift */,
				009EBAD424505B0E00E16184 /* VenueViewModel.swift */,
				00F7E5F924E2BE35006B788E /* FavouritesViewModel.swift */,
				00D8B980250E91B500F2B4A7 /* AboutViewModel.swift */,
			);
			path = "View Models";
			sourceTree = "<group>";
		};
		00CECD3E251B7D2400337299 /* Application */ = {
			isa = PBXGroup;
			children = (
				0004E54B23EC48480082F5BF /* AppDelegate.swift */,
				0004E54D23EC48480082F5BF /* SceneDelegate.swift */,
				0004E55423EC484C0082F5BF /* Assets.xcassets */,
			);
			path = Application;
			sourceTree = "<group>";
		};
		00D8B976250E443100F2B4A7 /* Home */ = {
			isa = PBXGroup;
			children = (
				000E825624093AB200584541 /* HomeViewController.swift */,
				0004E54F23EC48480082F5BF /* CategoryViewController.swift */,
				0026EE7D23F1356B001349BE /* VenueViewContoller.swift */,
				005A5AD124FF88E90008CB44 /* CategoryMapViewController.swift */,
			);
			path = Home;
			sourceTree = "<group>";
		};
		00D8B977250E443F00F2B4A7 /* Favourites */ = {
			isa = PBXGroup;
			children = (
				00F7E5F724E2BE03006B788E /* FavouritesViewController.swift */,
			);
			path = Favourites;
			sourceTree = "<group>";
		};
		00D8B97B250E8E0A00F2B4A7 /* About */ = {
			isa = PBXGroup;
			children = (
				00D8B97C250E8E5400F2B4A7 /* AboutViewController.swift */,
			);
			path = About;
			sourceTree = "<group>";
		};
		076A6BCEA247610962536056 /* Pods */ = {
			isa = PBXGroup;
			children = (
				E2C3016E07293E5D03FC7F28 /* Pods-My Ptown.debug.xcconfig */,
				467088C9FC6ADE6F450D4D82 /* Pods-My Ptown.release.xcconfig */,
			);
			path = Pods;
			sourceTree = "<group>";
		};
		481CC7F4640482DFAC8F28C6 /* Frameworks */ = {
			isa = PBXGroup;
			children = (
				854974B824735EAA14712BCA /* libPods-My Ptown.a */,
			);
			name = Frameworks;
			sourceTree = "<group>";
		};
/* End PBXGroup section */

/* Begin PBXNativeTarget section */
		0004E54723EC48480082F5BF /* My Ptown */ = {
			isa = PBXNativeTarget;
			buildConfigurationList = 0004E55C23EC484C0082F5BF /* Build configuration list for PBXNativeTarget "My Ptown" */;
			buildPhases = (
				6A9875B6145D5DFBD262570E /* [CP] Check Pods Manifest.lock */,
				0004E54423EC48480082F5BF /* Sources */,
				0004E54523EC48480082F5BF /* Frameworks */,
				0004E54623EC48480082F5BF /* Resources */,
			);
			buildRules = (
			);
			dependencies = (
			);
			name = "My Ptown";
			productName = "My Ptown";
			productReference = 0004E54823EC48480082F5BF /* My Ptown.app */;
			productType = "com.apple.product-type.application";
		};
/* End PBXNativeTarget section */

/* Begin PBXProject section */
		0004E54023EC48480082F5BF /* Project object */ = {
			isa = PBXProject;
			attributes = {
				LastSwiftUpdateCheck = 1130;
				LastUpgradeCheck = 1130;
				ORGANIZATIONNAME = "Burak Donat";
				TargetAttributes = {
					0004E54723EC48480082F5BF = {
						CreatedOnToolsVersion = 11.3;
					};
				};
			};
			buildConfigurationList = 0004E54323EC48480082F5BF /* Build configuration list for PBXProject "My Ptown" */;
			compatibilityVersion = "Xcode 9.3";
			developmentRegion = en;
			hasScannedForEncodings = 0;
			knownRegions = (
				en,
				Base,
			);
			mainGroup = 0004E53F23EC48480082F5BF;
			productRefGroup = 0004E54923EC48480082F5BF /* Products */;
			projectDirPath = "";
			projectRoot = "";
			targets = (
				0004E54723EC48480082F5BF /* My Ptown */,
			);
		};
/* End PBXProject section */

/* Begin PBXResourcesBuildPhase section */
		0004E54623EC48480082F5BF /* Resources */ = {
			isa = PBXResourcesBuildPhase;
			buildActionMask = 2147483647;
			files = (
				0004E55823EC484C0082F5BF /* LaunchScreen.storyboard in Resources */,
				0004E55523EC484C0082F5BF /* Assets.xcassets in Resources */,
				0004E55323EC48480082F5BF /* Main.storyboard in Resources */,
			);
			runOnlyForDeploymentPostprocessing = 0;
		};
/* End PBXResourcesBuildPhase section */

/* Begin PBXShellScriptBuildPhase section */
		6A9875B6145D5DFBD262570E /* [CP] Check Pods Manifest.lock */ = {
			isa = PBXShellScriptBuildPhase;
			buildActionMask = 2147483647;
			files = (
			);
			inputFileListPaths = (
			);
			inputPaths = (
				"${PODS_PODFILE_DIR_PATH}/Podfile.lock",
				"${PODS_ROOT}/Manifest.lock",
			);
			name = "[CP] Check Pods Manifest.lock";
			outputFileListPaths = (
			);
			outputPaths = (
				"$(DERIVED_FILE_DIR)/Pods-My Ptown-checkManifestLockResult.txt",
			);
			runOnlyForDeploymentPostprocessing = 0;
			shellPath = /bin/sh;
			shellScript = "diff \"${PODS_PODFILE_DIR_PATH}/Podfile.lock\" \"${PODS_ROOT}/Manifest.lock\" > /dev/null\nif [ $? != 0 ] ; then\n    # print error to STDERR\n    echo \"error: The sandbox is not in sync with the Podfile.lock. Run 'pod install' or update your CocoaPods installation.\" >&2\n    exit 1\nfi\n# This output is used by Xcode 'outputs' to avoid re-running this script phase.\necho \"SUCCESS\" > \"${SCRIPT_OUTPUT_FILE_0}\"\n";
			showEnvVarsInLog = 0;
		};
/* End PBXShellScriptBuildPhase section */

/* Begin PBXSourcesBuildPhase section */
		0004E54423EC48480082F5BF /* Sources */ = {
			isa = PBXSourcesBuildPhase;
			buildActionMask = 2147483647;
			files = (
				008A9CCE24CE1D07001C40A8 /* Extensions.swift in Sources */,
				009EBAD1244F741100E16184 /* WebService.swift in Sources */,
				009EBAD524505B0E00E16184 /* VenueViewModel.swift in Sources */,
				006F109C240BFDE800DD8FB9 /* VenueData.swift in Sources */,
				00F7E5F824E2BE03006B788E /* FavouritesViewController.swift in Sources */,
				000E825B24094D1100584541 /* AdsCollectionViewCell.swift in Sources */,
				0004E55023EC48480082F5BF /* CategoryViewController.swift in Sources */,
				00D8B97D250E8E5400F2B4A7 /* AboutViewController.swift in Sources */,
				00DD415424CE20AD0091584C /* Constants.swift in Sources */,
				004E40B623ED5884008742AF /* CategoryData.swift in Sources */,
				0083F7E024C3034F00C14576 /* SuggestionsData.swift in Sources */,
				005A5AD224FF88E90008CB44 /* CategoryMapViewController.swift in Sources */,
				0004E54C23EC48480082F5BF /* AppDelegate.swift in Sources */,
				00F7E5FA24E2BE35006B788E /* FavouritesViewModel.swift in Sources */,
				0083F7E224C303A500C14576 /* SuggestionsViewModel.swift in Sources */,
				00D8B97F250E913A00F2B4A7 /* AboutTableViewCell.swift in Sources */,
				000E825924093B2000584541 /* HomeCollectionViewCell.swift in Sources */,
				00E247C624C4F560003876DC /* CategoryMenuViewModel.swift in Sources */,
				00460A0823EF10B6002DE262 /* CategoryTableViewCell.swift in Sources */,
				00D8B981250E91B500F2B4A7 /* AboutViewModel.swift in Sources */,
				0026EE7E23F1356B001349BE /* VenueViewContoller.swift in Sources */,
				00DFBF442454711800D70202 /* DetailsTableViewCell.swift in Sources */,
				0004E54E23EC48480082F5BF /* SceneDelegate.swift in Sources */,
				0058943B24C5A204009F9139 /* AttractionsMenuViewModel.swift in Sources */,
				001C5228245367BE005AC07E /* ReviewsTableViewCell.swift in Sources */,
				002661F724AF4F8F007EF815 /* ActivitiesCollectionViewCell.swift in Sources */,
				000E825724093AB200584541 /* HomeViewController.swift in Sources */,
				009EBACF244F728300E16184 /* CategoryViewModel.swift in Sources */,
			);
			runOnlyForDeploymentPostprocessing = 0;
		};
/* End PBXSourcesBuildPhase section */

/* Begin PBXVariantGroup section */
		0004E55123EC48480082F5BF /* Main.storyboard */ = {
			isa = PBXVariantGroup;
			children = (
				0004E55223EC48480082F5BF /* Base */,
			);
			name = Main.storyboard;
			sourceTree = "<group>";
		};
		0004E55623EC484C0082F5BF /* LaunchScreen.storyboard */ = {
			isa = PBXVariantGroup;
			children = (
				0004E55723EC484C0082F5BF /* Base */,
			);
			name = LaunchScreen.storyboard;
			sourceTree = "<group>";
		};
/* End PBXVariantGroup section */

/* Begin XCBuildConfiguration section */
		0004E55A23EC484C0082F5BF /* Debug */ = {
			isa = XCBuildConfiguration;
			buildSettings = {
				ALWAYS_SEARCH_USER_PATHS = NO;
				CLANG_ANALYZER_NONNULL = YES;
				CLANG_ANALYZER_NUMBER_OBJECT_CONVERSION = YES_AGGRESSIVE;
				CLANG_CXX_LANGUAGE_STANDARD = "gnu++14";
				CLANG_CXX_LIBRARY = "libc++";
				CLANG_ENABLE_MODULES = YES;
				CLANG_ENABLE_OBJC_ARC = YES;
				CLANG_ENABLE_OBJC_WEAK = YES;
				CLANG_WARN_BLOCK_CAPTURE_AUTORELEASING = YES;
				CLANG_WARN_BOOL_CONVERSION = YES;
				CLANG_WARN_COMMA = YES;
				CLANG_WARN_CONSTANT_CONVERSION = YES;
				CLANG_WARN_DEPRECATED_OBJC_IMPLEMENTATIONS = YES;
				CLANG_WARN_DIRECT_OBJC_ISA_USAGE = YES_ERROR;
				CLANG_WARN_DOCUMENTATION_COMMENTS = YES;
				CLANG_WARN_EMPTY_BODY = YES;
				CLANG_WARN_ENUM_CONVERSION = YES;
				CLANG_WARN_INFINITE_RECURSION = YES;
				CLANG_WARN_INT_CONVERSION = YES;
				CLANG_WARN_NON_LITERAL_NULL_CONVERSION = YES;
				CLANG_WARN_OBJC_IMPLICIT_RETAIN_SELF = YES;
				CLANG_WARN_OBJC_LITERAL_CONVERSION = YES;
				CLANG_WARN_OBJC_ROOT_CLASS = YES_ERROR;
				CLANG_WARN_RANGE_LOOP_ANALYSIS = YES;
				CLANG_WARN_STRICT_PROTOTYPES = YES;
				CLANG_WARN_SUSPICIOUS_MOVE = YES;
				CLANG_WARN_UNGUARDED_AVAILABILITY = YES_AGGRESSIVE;
				CLANG_WARN_UNREACHABLE_CODE = YES;
				CLANG_WARN__DUPLICATE_METHOD_MATCH = YES;
				COPY_PHASE_STRIP = NO;
				DEBUG_INFORMATION_FORMAT = dwarf;
				ENABLE_STRICT_OBJC_MSGSEND = YES;
				ENABLE_TESTABILITY = YES;
				GCC_C_LANGUAGE_STANDARD = gnu11;
				GCC_DYNAMIC_NO_PIC = NO;
				GCC_NO_COMMON_BLOCKS = YES;
				GCC_OPTIMIZATION_LEVEL = 0;
				GCC_PREPROCESSOR_DEFINITIONS = (
					"DEBUG=1",
					"$(inherited)",
				);
				GCC_WARN_64_TO_32_BIT_CONVERSION = YES;
				GCC_WARN_ABOUT_RETURN_TYPE = YES_ERROR;
				GCC_WARN_UNDECLARED_SELECTOR = YES;
				GCC_WARN_UNINITIALIZED_AUTOS = YES_AGGRESSIVE;
				GCC_WARN_UNUSED_FUNCTION = YES;
				GCC_WARN_UNUSED_VARIABLE = YES;
				IPHONEOS_DEPLOYMENT_TARGET = 13.2;
				MTL_ENABLE_DEBUG_INFO = INCLUDE_SOURCE;
				MTL_FAST_MATH = YES;
				ONLY_ACTIVE_ARCH = YES;
				SDKROOT = iphoneos;
				SWIFT_ACTIVE_COMPILATION_CONDITIONS = DEBUG;
				SWIFT_OPTIMIZATION_LEVEL = "-Onone";
				SWIFT_VERSION = 4.2;
			};
			name = Debug;
		};
		0004E55B23EC484C0082F5BF /* Release */ = {
			isa = XCBuildConfiguration;
			buildSettings = {
				ALWAYS_SEARCH_USER_PATHS = NO;
				CLANG_ANALYZER_NONNULL = YES;
				CLANG_ANALYZER_NUMBER_OBJECT_CONVERSION = YES_AGGRESSIVE;
				CLANG_CXX_LANGUAGE_STANDARD = "gnu++14";
				CLANG_CXX_LIBRARY = "libc++";
				CLANG_ENABLE_MODULES = YES;
				CLANG_ENABLE_OBJC_ARC = YES;
				CLANG_ENABLE_OBJC_WEAK = YES;
				CLANG_WARN_BLOCK_CAPTURE_AUTORELEASING = YES;
				CLANG_WARN_BOOL_CONVERSION = YES;
				CLANG_WARN_COMMA = YES;
				CLANG_WARN_CONSTANT_CONVERSION = YES;
				CLANG_WARN_DEPRECATED_OBJC_IMPLEMENTATIONS = YES;
				CLANG_WARN_DIRECT_OBJC_ISA_USAGE = YES_ERROR;
				CLANG_WARN_DOCUMENTATION_COMMENTS = YES;
				CLANG_WARN_EMPTY_BODY = YES;
				CLANG_WARN_ENUM_CONVERSION = YES;
				CLANG_WARN_INFINITE_RECURSION = YES;
				CLANG_WARN_INT_CONVERSION = YES;
				CLANG_WARN_NON_LITERAL_NULL_CONVERSION = YES;
				CLANG_WARN_OBJC_IMPLICIT_RETAIN_SELF = YES;
				CLANG_WARN_OBJC_LITERAL_CONVERSION = YES;
				CLANG_WARN_OBJC_ROOT_CLASS = YES_ERROR;
				CLANG_WARN_RANGE_LOOP_ANALYSIS = YES;
				CLANG_WARN_STRICT_PROTOTYPES = YES;
				CLANG_WARN_SUSPICIOUS_MOVE = YES;
				CLANG_WARN_UNGUARDED_AVAILABILITY = YES_AGGRESSIVE;
				CLANG_WARN_UNREACHABLE_CODE = YES;
				CLANG_WARN__DUPLICATE_METHOD_MATCH = YES;
				COPY_PHASE_STRIP = NO;
				DEBUG_INFORMATION_FORMAT = "dwarf-with-dsym";
				ENABLE_NS_ASSERTIONS = NO;
				ENABLE_STRICT_OBJC_MSGSEND = YES;
				GCC_C_LANGUAGE_STANDARD = gnu11;
				GCC_NO_COMMON_BLOCKS = YES;
				GCC_WARN_64_TO_32_BIT_CONVERSION = YES;
				GCC_WARN_ABOUT_RETURN_TYPE = YES_ERROR;
				GCC_WARN_UNDECLARED_SELECTOR = YES;
				GCC_WARN_UNINITIALIZED_AUTOS = YES_AGGRESSIVE;
				GCC_WARN_UNUSED_FUNCTION = YES;
				GCC_WARN_UNUSED_VARIABLE = YES;
				IPHONEOS_DEPLOYMENT_TARGET = 13.2;
				MTL_ENABLE_DEBUG_INFO = NO;
				MTL_FAST_MATH = YES;
				SDKROOT = iphoneos;
				SWIFT_COMPILATION_MODE = wholemodule;
				SWIFT_OPTIMIZATION_LEVEL = "-O";
				SWIFT_VERSION = 4.2;
				VALIDATE_PRODUCT = YES;
			};
			name = Release;
		};
		0004E55D23EC484C0082F5BF /* Debug */ = {
			isa = XCBuildConfiguration;
			baseConfigurationReference = E2C3016E07293E5D03FC7F28 /* Pods-My Ptown.debug.xcconfig */;
			buildSettings = {
				ASSETCATALOG_COMPILER_APPICON_NAME = AppIcon;
				CODE_SIGN_STYLE = Automatic;
				DEVELOPMENT_TEAM = V2XV9SF2Z6;
				INFOPLIST_FILE = "My Ptown/Info.plist";
				LD_RUNPATH_SEARCH_PATHS = (
					"$(inherited)",
					"@executable_path/Frameworks",
				);
				PRODUCT_BUNDLE_IDENTIFIER = com.Donat;
				PRODUCT_NAME = "$(TARGET_NAME)";
				SWIFT_VERSION = 5.0;
				TARGETED_DEVICE_FAMILY = 1;
			};
			name = Debug;
		};
		0004E55E23EC484C0082F5BF /* Release */ = {
			isa = XCBuildConfiguration;
			baseConfigurationReference = 467088C9FC6ADE6F450D4D82 /* Pods-My Ptown.release.xcconfig */;
			buildSettings = {
				ASSETCATALOG_COMPILER_APPICON_NAME = AppIcon;
				CODE_SIGN_STYLE = Automatic;
				DEVELOPMENT_TEAM = V2XV9SF2Z6;
				INFOPLIST_FILE = "My Ptown/Info.plist";
				LD_RUNPATH_SEARCH_PATHS = (
					"$(inherited)",
					"@executable_path/Frameworks",
				);
				PRODUCT_BUNDLE_IDENTIFIER = com.Donat;
				PRODUCT_NAME = "$(TARGET_NAME)";
				SWIFT_VERSION = 5.0;
				TARGETED_DEVICE_FAMILY = 1;
			};
			name = Release;
		};
/* End XCBuildConfiguration section */

/* Begin XCConfigurationList section */
		0004E54323EC48480082F5BF /* Build configuration list for PBXProject "My Ptown" */ = {
			isa = XCConfigurationList;
			buildConfigurations = (
				0004E55A23EC484C0082F5BF /* Debug */,
				0004E55B23EC484C0082F5BF /* Release */,
			);
			defaultConfigurationIsVisible = 0;
			defaultConfigurationName = Release;
		};
		0004E55C23EC484C0082F5BF /* Build configuration list for PBXNativeTarget "My Ptown" */ = {
			isa = XCConfigurationList;
			buildConfigurations = (
				0004E55D23EC484C0082F5BF /* Debug */,
				0004E55E23EC484C0082F5BF /* Release */,
			);
			defaultConfigurationIsVisible = 0;
			defaultConfigurationName = Release;
		};
/* End XCConfigurationList section */
	};
	rootObject = 0004E54023EC48480082F5BF /* Project object */;
}
